
Microsoft Visual Studio Solution File, Format Version 12.00
# Visual Studio Version 16
VisualStudioVersion = 16.0.29905.134
MinimumVisualStudioVersion = 10.0.40219.1
Project("{FAE04EC0-301F-11D3-BF4B-00C04F79EFBC}") = "Blog.Web", "Blog.Web\Blog.Web.csproj", "{FD3F2A22-7FD2-4891-A878-0035D44A92FB}"
EndProject
Project("{FAE04EC0-301F-11D3-BF4B-00C04F79EFBC}") = "Blog.membership", "Blog.membership\Blog.membership.csproj", "{062A2204-3552-4803-9954-C6F0A7A0D8A0}"
EndProject
Global
	GlobalSection(SolutionConfigurationPlatforms) = preSolution
		Debug|Any CPU = Debug|Any CPU
		Release|Any CPU = Release|Any CPU
	EndGlobalSection
	GlobalSection(ProjectConfigurationPlatforms) = postSolution
		{FD3F2A22-7FD2-4891-A878-0035D44A92FB}.Debug|Any CPU.ActiveCfg = Debug|Any CPU
		{FD3F2A22-7FD2-4891-A878-0035D44A92FB}.Debug|Any CPU.Build.0 = Debug|Any CPU
		{FD3F2A22-7FD2-4891-A878-0035D44A92FB}.Release|Any CPU.ActiveCfg = Release|Any CPU
		{FD3F2A22-7FD2-4891-A878-0035D44A92FB}.Release|Any CPU.Build.0 = Release|Any CPU
		{062A2204-3552-4803-9954-C6F0A7A0D8A0}.Debug|Any CPU.ActiveCfg = Debug|Any CPU
		{062A2204-3552-4803-9954-C6F0A7A0D8A0}.Debug|Any CPU.Build.0 = Debug|Any CPU
		{062A2204-3552-4803-9954-C6F0A7A0D8A0}.Release|Any CPU.ActiveCfg = Release|Any CPU
		{062A2204-3552-4803-9954-C6F0A7A0D8A0}.Release|Any CPU.Build.0 = Release|Any CPU
	EndGlobalSection
	GlobalSection(SolutionProperties) = preSolution
		HideSolutionNode = FALSE
	EndGlobalSection
	GlobalSection(ExtensibilityGlobals) = postSolution
		SolutionGuid = {C9AC5006-D5C0-4F00-86B6-552BE4133708}
	EndGlobalSection
EndGlobal
